
Microsoft Visual Studio Solution File, Format Version 12.00
# Visual Studio 15
VisualStudioVersion = 15.0.28307.329
MinimumVisualStudioVersion = 10.0.40219.1
Project("{FAE04EC0-301F-11D3-BF4B-00C04F79EFBC}") = "LNConsult", "LNConsult\LNConsult.csproj", "{6FB6066B-5F80-47BB-AC51-7C0BD4F8AA33}"
EndProject
Global
	GlobalSection(SolutionConfigurationPlatforms) = preSolution
		Debug|Any CPU = Debug|Any CPU
		Release|Any CPU = Release|Any CPU
	EndGlobalSection
	GlobalSection(ProjectConfigurationPlatforms) = postSolution
		{6FB6066B-5F80-47BB-AC51-7C0BD4F8AA33}.Debug|Any CPU.ActiveCfg = Debug|Any CPU
		{6FB6066B-5F80-47BB-AC51-7C0BD4F8AA33}.Debug|Any CPU.Build.0 = Debug|Any CPU
		{6FB6066B-5F80-47BB-AC51-7C0BD4F8AA33}.Release|Any CPU.ActiveCfg = Release|Any CPU
		{6FB6066B-5F80-47BB-AC51-7C0BD4F8AA33}.Release|Any CPU.Build.0 = Release|Any CPU
	EndGlobalSection
	GlobalSection(SolutionProperties) = preSolution
		HideSolutionNode = FALSE
	EndGlobalSection
	GlobalSection(ExtensibilityGlobals) = postSolution
		SolutionGuid = {E82805D3-EBF8-4A46-9862-E735646EEB2D}
	EndGlobalSection
EndGlobal
