
Microsoft Visual Studio Solution File, Format Version 12.00
# Visual Studio 15
VisualStudioVersion = 15.0.28307.329
MinimumVisualStudioVersion = 10.0.40219.1
Project("{FAE04EC0-301F-11D3-BF4B-00C04F79EFBC}") = "CapaAccesoDatos", "CapaAccesoDatos\CapaAccesoDatos.csproj", "{0EAE5402-5635-434E-AEB0-6F88C3CE84B5}"
EndProject
Global
	GlobalSection(SolutionConfigurationPlatforms) = preSolution
		Debug|Any CPU = Debug|Any CPU
		Release|Any CPU = Release|Any CPU
	EndGlobalSection
	GlobalSection(ProjectConfigurationPlatforms) = postSolution
		{0EAE5402-5635-434E-AEB0-6F88C3CE84B5}.Debug|Any CPU.ActiveCfg = Debug|Any CPU
		{0EAE5402-5635-434E-AEB0-6F88C3CE84B5}.Debug|Any CPU.Build.0 = Debug|Any CPU
		{0EAE5402-5635-434E-AEB0-6F88C3CE84B5}.Release|Any CPU.ActiveCfg = Release|Any CPU
		{0EAE5402-5635-434E-AEB0-6F88C3CE84B5}.Release|Any CPU.Build.0 = Release|Any CPU
	EndGlobalSection
	GlobalSection(SolutionProperties) = preSolution
		HideSolutionNode = FALSE
	EndGlobalSection
	GlobalSection(ExtensibilityGlobals) = postSolution
		SolutionGuid = {2DF76781-9590-4DC3-8B3F-5E258A20294D}
	EndGlobalSection
EndGlobal
