
Microsoft Visual Studio Solution File, Format Version 12.00
# Visual Studio 15
VisualStudioVersion = 15.0.28307.329
MinimumVisualStudioVersion = 10.0.40219.1
Project("{FAE04EC0-301F-11D3-BF4B-00C04F79EFBC}") = "ClassLibrary1", "ClassLibrary1\ClassLibrary1.csproj", "{492158EA-AF2E-45E5-BEE1-F20B6D298894}"
EndProject
Global
	GlobalSection(SolutionConfigurationPlatforms) = preSolution
		Debug|Any CPU = Debug|Any CPU
		Release|Any CPU = Release|Any CPU
	EndGlobalSection
	GlobalSection(ProjectConfigurationPlatforms) = postSolution
		{492158EA-AF2E-45E5-BEE1-F20B6D298894}.Debug|Any CPU.ActiveCfg = Debug|Any CPU
		{492158EA-AF2E-45E5-BEE1-F20B6D298894}.Debug|Any CPU.Build.0 = Debug|Any CPU
		{492158EA-AF2E-45E5-BEE1-F20B6D298894}.Release|Any CPU.ActiveCfg = Release|Any CPU
		{492158EA-AF2E-45E5-BEE1-F20B6D298894}.Release|Any CPU.Build.0 = Release|Any CPU
	EndGlobalSection
	GlobalSection(SolutionProperties) = preSolution
		HideSolutionNode = FALSE
	EndGlobalSection
	GlobalSection(ExtensibilityGlobals) = postSolution
		SolutionGuid = {D36776E2-14D1-4D88-AB7F-AE069687FB25}
	EndGlobalSection
EndGlobal
